# THIS IS AN AUTOGENERATED FILE. DO NOT EDIT THIS FILE DIRECTLY.
# yarn lockfile v1


"@babel/runtime@^7.20.1", "@babel/runtime@^7.9.2":
  version "7.20.6"
  resolved "https://registry.yarnpkg.com/@babel/runtime/-/runtime-7.20.6.tgz#facf4879bfed9b5326326273a64220f099b0fce3"
  integrity sha512-Q+8MqP7TiHMWzSfwiJwXCjyf4GYA4Dgw3emg/7xmwsdLJOZUp+nMqcOwOzzYheuM1rhDu8FSj2l0aoMygEuXuA==
  dependencies:
    regenerator-runtime "^0.13.11"

"@emotion/cache@^11.10.5":
  version "11.10.5"
  resolved "https://registry.yarnpkg.com/@emotion/cache/-/cache-11.10.5.tgz#c142da9351f94e47527ed458f7bbbbe40bb13c12"
  integrity sha512-dGYHWyzTdmK+f2+EnIGBpkz1lKc4Zbj2KHd4cX3Wi8/OWr5pKslNjc3yABKH4adRGCvSX4VDC0i04mrrq0aiRA==
  dependencies:
    "@emotion/memoize" "^0.8.0"
    "@emotion/sheet" "^1.2.1"
    "@emotion/utils" "^1.2.0"
    "@emotion/weak-memoize" "^0.3.0"
    stylis "4.1.3"

"@emotion/is-prop-valid@^1.2.0":
  version "1.2.0"
  resolved "https://registry.yarnpkg.com/@emotion/is-prop-valid/-/is-prop-valid-1.2.0.tgz#7f2d35c97891669f7e276eb71c83376a5dc44c83"
  integrity sha512-3aDpDprjM0AwaxGE09bOPkNxHpBd+kA6jty3RnaEXdweX1DF1U3VQpPYb0g1IStAuK7SVQ1cy+bNBBKp4W3Fjg==
  dependencies:
    "@emotion/memoize" "^0.8.0"

"@emotion/memoize@^0.8.0":
  version "0.8.0"
  resolved "https://registry.yarnpkg.com/@emotion/memoize/-/memoize-0.8.0.tgz#f580f9beb67176fa57aae70b08ed510e1b18980f"
  integrity sha512-G/YwXTkv7Den9mXDO7AhLWkE3q+I92B+VqAE+dYG4NGPaHZGvt3G8Q0p9vmE+sq7rTGphUbAvmQ9YpbfMQGGlA==

"@emotion/sheet@^1.2.1":
  version "1.2.1"
  resolved "https://registry.yarnpkg.com/@emotion/sheet/-/sheet-1.2.1.tgz#0767e0305230e894897cadb6c8df2c51e61a6c2c"
  integrity sha512-zxRBwl93sHMsOj4zs+OslQKg/uhF38MB+OMKoCrVuS0nyTkqnau+BM3WGEoOptg9Oz45T/aIGs1qbVAsEFo3nA==

"@emotion/utils@^1.2.0":
  version "1.2.0"
  resolved "https://registry.yarnpkg.com/@emotion/utils/-/utils-1.2.0.tgz#9716eaccbc6b5ded2ea5a90d65562609aab0f561"
  integrity sha512-sn3WH53Kzpw8oQ5mgMmIzzyAaH2ZqFEbozVVBSYp538E06OSE6ytOp7pRAjNQR+Q/orwqdQYJSe2m3hCOeznkw==

"@emotion/weak-memoize@^0.3.0":
  version "0.3.0"
  resolved "https://registry.yarnpkg.com/@emotion/weak-memoize/-/weak-memoize-0.3.0.tgz#ea89004119dc42db2e1dba0f97d553f7372f6fcb"
  integrity sha512-AHPmaAx+RYfZz0eYu6Gviiagpmiyw98ySSlQvCUhVGDRtDFe4DBS0x1bSjdF3gqUDYOczB+yYvBTtEylYSdRhg==

"@mui/base@5.0.0-alpha.108":
  version "5.0.0-alpha.108"
  resolved "https://registry.yarnpkg.com/@mui/base/-/base-5.0.0-alpha.108.tgz#4e4639ba6769dd178ef475dba4cc36bf8a3f1dc6"
  integrity sha512-KjzRUts2i/ODlMfywhFTqTzQl+Cr9nlDSZxJcnYjrbOV/iRyQNBTDoiFJt+XEdRi0fZBHnk74AFbnP56ehybsA==
  dependencies:
    "@babel/runtime" "^7.20.1"
    "@emotion/is-prop-valid" "^1.2.0"
    "@mui/types" "^7.2.2"
    "@mui/utils" "^5.10.16"
    "@popperjs/core" "^2.11.6"
    clsx "^1.2.1"
    prop-types "^15.8.1"
    react-is "^18.2.0"

"@mui/core-downloads-tracker@^5.10.16":
  version "5.10.17"
  resolved "https://registry.yarnpkg.com/@mui/core-downloads-tracker/-/core-downloads-tracker-5.10.17.tgz#ce105d692b77fcb41e0c060f3aea0c8ca566ff5a"
  integrity sha512-iNwUuMA30nrN0tiEkeD3zaczv7Tk2jlZIDbXRnijAsYXkZtl/xEzQsVRIPYRDuyEz6D18vQJhV8h7gPUXEubTg==

"@mui/joy@5.0.0-alpha.56":
  version "5.0.0-alpha.56"
  resolved "https://registry.yarnpkg.com/@mui/joy/-/joy-5.0.0-alpha.56.tgz#34346df0e6ab14bb464c7f706ab58b4374be54e6"
  integrity sha512-xl6KrHxQEqIkId9HI6V0KN4YRvXsZY1TfP09GT0vS8MZ9nvbwxHLuOpzwHzlQ6BTU1LqfzJDSNooiaU2J5W3TA==
  dependencies:
    "@babel/runtime" "^7.20.1"
    "@mui/base" "5.0.0-alpha.108"
    "@mui/core-downloads-tracker" "^5.10.16"
    "@mui/system" "^5.10.16"
    "@mui/types" "^7.2.2"
    "@mui/utils" "^5.10.16"
    clsx "^1.2.1"
    csstype "^3.1.1"
    prop-types "^15.8.1"
    react-is "^18.2.0"

"@mui/private-theming@^5.10.16":
  version "5.10.16"
  resolved "https://registry.yarnpkg.com/@mui/private-theming/-/private-theming-5.10.16.tgz#181ab7568a3cf0c6b12cc12f5a91aeb4509df1ce"
  integrity sha512-0MArkJaOHRCKqL/GWjngGZmyOeRz+uxffhx82bKcewr8swqV7xx7EFP02pk0L/gLdfcvYdqwH4YTVjG/+TaKrg==
  dependencies:
    "@babel/runtime" "^7.20.1"
    "@mui/utils" "^5.10.16"
    prop-types "^15.8.1"

"@mui/styled-engine@^5.10.16":
  version "5.10.16"
  resolved "https://registry.yarnpkg.com/@mui/styled-engine/-/styled-engine-5.10.16.tgz#52a2d31e4012958d21c92b42acaca4c3e79841b4"
  integrity sha512-ZMSjXvtiGwGDKqrSlXhpxK2voUaF2/lpC/pSTfFmZvKH9j9a9h1/iwo3ybgjFVYGgbfNeW4h0xEchiRohu9xsw==
  dependencies:
    "@babel/runtime" "^7.20.1"
    "@emotion/cache" "^11.10.5"
    csstype "^3.1.1"
    prop-types "^15.8.1"

"@mui/system@^5.10.16":
  version "5.10.17"
  resolved "https://registry.yarnpkg.com/@mui/system/-/system-5.10.17.tgz#64420b6b01c3943c0ce58523090b19791db46c53"
  integrity sha512-UYzAOSK7uxkMsUssqrIUW3lnOuQpU8vqh4hLwfSw+GYAnQo3qjK4m4NhlDx+pFpsjjiGnr3K+vrSH+aIAMbcLg==
  dependencies:
    "@babel/runtime" "^7.20.1"
    "@mui/private-theming" "^5.10.16"
    "@mui/styled-engine" "^5.10.16"
    "@mui/types" "^7.2.2"
    "@mui/utils" "^5.10.16"
    clsx "^1.2.1"
    csstype "^3.1.1"
    prop-types "^15.8.1"

"@mui/types@^7.2.2":
  version "7.2.2"
  resolved "https://registry.yarnpkg.com/@mui/types/-/types-7.2.2.tgz#723f6d40c25c89c2e0352a7e51794e8eb77cdbe3"
  integrity sha512-siex8cZDtWeC916cXOoUOnEQQejuMYmHtc4hM6VkKVYaBICz3VIiqyiAomRboTQHt2jchxQ5Q5ATlbcDekTxDA==

"@mui/utils@^5.10.16":
  version "5.10.16"
  resolved "https://registry.yarnpkg.com/@mui/utils/-/utils-5.10.16.tgz#7a981444855968ebdb1830d76e298d1ac47eaaf6"
  integrity sha512-3MB/SGsgiiu9Z55CFmAfiONUoR7AAue/H4F6w3mc2LnhFQCsoVvXhioDPcsiRpUMIQr34jDPzGXdCuqWooPCXQ==
  dependencies:
    "@babel/runtime" "^7.20.1"
    "@types/prop-types" "^15.7.5"
    "@types/react-is" "^16.7.1 || ^17.0.0"
    prop-types "^15.8.1"
    react-is "^18.2.0"

"@popperjs/core@^2.11.6":
  version "2.11.6"
  resolved "https://registry.yarnpkg.com/@popperjs/core/-/core-2.11.6.tgz#cee20bd55e68a1720bdab363ecf0c821ded4cd45"
  integrity sha512-50/17A98tWUfQ176raKiOGXuYpLyyVMkxxG6oylzL3BPOlA6ADGdK7EYunSa4I064xerltq9TGXs8HmOk5E+vw==

"@react-dnd/asap@4.0.1":
  version "4.0.1"
  resolved "https://registry.yarnpkg.com/@react-dnd/asap/-/asap-4.0.1.tgz#5291850a6b58ce6f2da25352a64f1b0674871aab"
  integrity sha512-kLy0PJDDwvwwTXxqTFNAAllPHD73AycE9ypWeln/IguoGBEbvFcPDbCV03G52bEcC5E+YgupBE0VzHGdC8SIXg==

"@react-dnd/invariant@3.0.1":
  version "3.0.1"
  resolved "https://registry.yarnpkg.com/@react-dnd/invariant/-/invariant-3.0.1.tgz#7e70be19ea21b539e8bf1da28466f4f05df2a4cc"
  integrity sha512-blqduwV86oiKw2Gr44wbe3pj3Z/OsXirc7ybCv9F/pLAR+Aih8F3rjeJzK0ANgtYKv5lCpkGVoZAeKitKDaD/g==

"@react-dnd/shallowequal@3.0.1":
  version "3.0.1"
  resolved "https://registry.yarnpkg.com/@react-dnd/shallowequal/-/shallowequal-3.0.1.tgz#8056fe046a8d10a275e321ec0557ae652d7a4d06"
  integrity sha512-XjDVbs3ZU16CO1h5Q3Ew2RPJqmZBDE/EVf1LYp6ePEffs3V/MX9ZbL5bJr8qiK5SbGmUMuDoaFgyKacYz8prRA==

"@types/prop-types@*", "@types/prop-types@^15.7.5":
  version "15.7.5"
  resolved "https://registry.yarnpkg.com/@types/prop-types/-/prop-types-15.7.5.tgz#5f19d2b85a98e9558036f6a3cacc8819420f05cf"
  integrity sha512-JCB8C6SnDoQf0cNycqd/35A7MjcnK+ZTqE7judS6o7utxUCg6imJg3QK2qzHKszlTjcj2cn+NwMB2i96ubpj7w==

"@types/react-is@^16.7.1 || ^17.0.0":
  version "17.0.3"
  resolved "https://registry.yarnpkg.com/@types/react-is/-/react-is-17.0.3.tgz#2d855ba575f2fc8d17ef9861f084acc4b90a137a"
  integrity sha512-aBTIWg1emtu95bLTLx0cpkxwGW3ueZv71nE2YFBpL8k/z5czEW8yYpOo8Dp+UUAFAtKwNaOsh/ioSeQnWlZcfw==
  dependencies:
    "@types/react" "*"

"@types/react@*":
  version "18.0.26"
  resolved "https://registry.yarnpkg.com/@types/react/-/react-18.0.26.tgz#8ad59fc01fef8eaf5c74f4ea392621749f0b7917"
  integrity sha512-hCR3PJQsAIXyxhTNSiDFY//LhnMZWpNNr5etoCqx/iUfGc5gXWtQR2Phl908jVR6uPXacojQWTg4qRpkxTuGug==
  dependencies:
    "@types/prop-types" "*"
    "@types/scheduler" "*"
    csstype "^3.0.2"

"@types/scheduler@*":
  version "0.16.2"
  resolved "https://registry.yarnpkg.com/@types/scheduler/-/scheduler-0.16.2.tgz#1a62f89525723dde24ba1b01b092bf5df8ad4d39"
  integrity sha512-hppQEBDmlwhFAXKJX2KnWLYu5yMfi91yazPb2l+lbJiwW+wdo1gNeRA+3RgNSO39WYX2euey41KEwnqesU2Jew==

clsx@^1.2.1:
  version "1.2.1"
  resolved "https://registry.yarnpkg.com/clsx/-/clsx-1.2.1.tgz#0ddc4a20a549b59c93a4116bb26f5294ca17dc12"
  integrity sha512-EcR6r5a8bj6pu3ycsa/E/cKVGuTgZJZdsyUYHOksG/UHIiKfjxzRxYJpyVBwYaQeOvghal9fcc4PidlgzugAQg==

csstype@^3.0.2, csstype@^3.1.1:
  version "3.1.1"
  resolved "https://registry.yarnpkg.com/csstype/-/csstype-3.1.1.tgz#841b532c45c758ee546a11d5bd7b7b473c8c30b9"
  integrity sha512-DJR/VvkAvSZW9bTouZue2sSxDwdTN92uHjqeKVm+0dAqdfNykRzQ95tay8aXMBAAPpUiq4Qcug2L7neoRh2Egw==

dnd-core@15.1.2, dnd-core@^15.1.2:
  version "15.1.2"
  resolved "https://registry.yarnpkg.com/dnd-core/-/dnd-core-15.1.2.tgz#0983bce555c4985f58b731ffe1faed31e1ea7f6f"
  integrity sha512-EOec1LyJUuGRFg0LDa55rSRAUe97uNVKVkUo8iyvzQlcECYTuPblVQfRWXWj1OyPseFIeebWpNmKFy0h6BcF1A==
  dependencies:
    "@react-dnd/asap" "4.0.1"
    "@react-dnd/invariant" "3.0.1"
    redux "^4.1.2"

fast-deep-equal@^3.1.3:
  version "3.1.3"
  resolved "https://registry.yarnpkg.com/fast-deep-equal/-/fast-deep-equal-3.1.3.tgz#3a7d56b559d6cbc3eb512325244e619a65c6c525"
  integrity sha512-f3qQ9oQy9j2AhBe/H9VC91wLmKBCCU/gDOnKNAYG5hswO7BLKj09Hc5HYNz9cGI++xlpDCIgDaitVs03ATR84Q==

hoist-non-react-statics@^3.3.2:
  version "3.3.2"
  resolved "https://registry.yarnpkg.com/hoist-non-react-statics/-/hoist-non-react-statics-3.3.2.tgz#ece0acaf71d62c2969c2ec59feff42a4b1a85b45"
  integrity sha512-/gGivxi8JPKWNm/W0jSmzcMPpfpPLc3dY/6GxhX2hQ9iGj3aDfklV4ET7NjKpSinLpJ5vafa9iiGIEZg10SfBw==
  dependencies:
    react-is "^16.7.0"

"js-tokens@^3.0.0 || ^4.0.0":
  version "4.0.0"
  resolved "https://registry.yarnpkg.com/js-tokens/-/js-tokens-4.0.0.tgz#19203fb59991df98e3a287050d4647cdeaf32499"
  integrity sha512-RdJUflcE3cUzKiMqQgsCu06FPu9UdIJO0beYbPhHN4k6apgJtifcoCtT9bcxOpYBtpD2kCM6Sbzg4CausW/PKQ==

loose-envify@^1.4.0:
  version "1.4.0"
  resolved "https://registry.yarnpkg.com/loose-envify/-/loose-envify-1.4.0.tgz#71ee51fa7be4caec1a63839f7e682d8132d30caf"
  integrity sha512-lyuxPGr/Wfhrlem2CL/UcnUc1zcqKAImBDzukY7Y5F/yQiNdko6+fRLevlw1HgMySw7f611UIY408EtxRSoK3Q==
  dependencies:
    js-tokens "^3.0.0 || ^4.0.0"

object-assign@^4.1.1:
  version "4.1.1"
  resolved "https://registry.yarnpkg.com/object-assign/-/object-assign-4.1.1.tgz#2109adc7965887cfc05cbbd442cac8bfbb360863"
  integrity sha512-rJgTQnkUnH1sFw8yT6VSU3zD3sWmu6sZhIseY8VX+GRu3P6F7Fu+JNDoXfklElbLJSnc3FUQHVe4cU5hj+BcUg==

prop-types@^15.8.1:
  version "15.8.1"
  resolved "https://registry.yarnpkg.com/prop-types/-/prop-types-15.8.1.tgz#67d87bf1a694f48435cf332c24af10214a3140b5"
  integrity sha512-oj87CgZICdulUohogVAR7AjlC0327U4el4L6eAvOqCeudMDVU0NThNaV+b9Df4dXgSP1gXMTnPdhfe/2qDH5cg==
  dependencies:
    loose-envify "^1.4.0"
    object-assign "^4.1.1"
    react-is "^16.13.1"

react-dnd-html5-backend@^15.1.2:
  version "15.1.3"
  resolved "https://registry.yarnpkg.com/react-dnd-html5-backend/-/react-dnd-html5-backend-15.1.3.tgz#57b4f47e0f23923e7c243d2d0eefe490069115a9"
  integrity sha512-HH/8nOEmrrcRGHMqJR91FOwhnLlx5SRLXmsQwZT3IPcBjx88WT+0pWC5A4tDOYDdoooh9k+KMPvWfxooR5TcOA==
  dependencies:
    dnd-core "15.1.2"

react-dnd@^15.1.2:
  version "15.1.2"
  resolved "https://registry.yarnpkg.com/react-dnd/-/react-dnd-15.1.2.tgz#211b30fd842326209c63f26f1bdf1bc52eef4f64"
  integrity sha512-EaSbMD9iFJDY/o48T3c8wn3uWU+2uxfFojhesZN3LhigJoAIvH2iOjxofSA9KbqhAKP6V9P853G6XG8JngKVtA==
  dependencies:
    "@react-dnd/invariant" "3.0.1"
    "@react-dnd/shallowequal" "3.0.1"
    dnd-core "15.1.2"
    fast-deep-equal "^3.1.3"
    hoist-non-react-statics "^3.3.2"

react-is@^16.13.1, react-is@^16.7.0:
  version "16.13.1"
  resolved "https://registry.yarnpkg.com/react-is/-/react-is-16.13.1.tgz#789729a4dc36de2999dc156dd6c1d9c18cea56a4"
  integrity sha512-24e6ynE2H+OKt4kqsOvNd8kBpV65zoxbA4BVsEOB3ARVWQki/DHzaUoC5KuON/BiccDaCCTZBuOcfZs70kR8bQ==

react-is@^18.2.0:
  version "18.2.0"
  resolved "https://registry.yarnpkg.com/react-is/-/react-is-18.2.0.tgz#199431eeaaa2e09f86427efbb4f1473edb47609b"
  integrity sha512-xWGDIW6x921xtzPkhiULtthJHoJvBbF3q26fzloPCK0hsvxtPVelvftw3zjbHWSkR2km9Z+4uxbDDK/6Zw9B8w==

redux@^4.1.2:
  version "4.2.0"
  resolved "https://registry.yarnpkg.com/redux/-/redux-4.2.0.tgz#46f10d6e29b6666df758780437651eeb2b969f13"
  integrity sha512-oSBmcKKIuIR4ME29/AeNUnl5L+hvBq7OaJWzaptTQJAntaPvxIJqfnjbaEiCzzaIz+XmVILfqAM3Ob0aXLPfjA==
  dependencies:
    "@babel/runtime" "^7.9.2"

regenerator-runtime@^0.13.11:
  version "0.13.11"
  resolved "https://registry.yarnpkg.com/regenerator-runtime/-/regenerator-runtime-0.13.11.tgz#f6dca3e7ceec20590d07ada785636a90cdca17f9"
  integrity sha512-kY1AZVr2Ra+t+piVaJ4gxaFaReZVH40AKNo7UCX6W+dEwBo/2oZJzqfuN1qLq1oL45o56cPaTXELwrTh8Fpggg==

stylis@4.1.3:
  version "4.1.3"
  resolved "https://registry.yarnpkg.com/stylis/-/stylis-4.1.3.tgz#fd2fbe79f5fed17c55269e16ed8da14c84d069f7"
  integrity sha512-GP6WDNWf+o403jrEp9c5jibKavrtLW+/qYGhFxFrG8maXhwTBI7gLLhiBb0o7uFccWN+EOS9aMO6cGHWAO07OA==
