# THIS IS AN AUTOGENERATED FILE. DO NOT EDIT THIS FILE DIRECTLY.
# yarn lockfile v1


cronstrue@^2.27.0:
  version "2.27.0"
  resolved "https://registry.yarnpkg.com/cronstrue/-/cronstrue-2.27.0.tgz#a69fff0efe891ca33bf6b397e61cec13fd533cbc"
  integrity sha512-p+w818EttA27EfIeZP5Z3k3ps9hy6DlRv3txbWxysTIlWEAE6DdYIjCaaeZhWaNfcowuXZrg0HVFWLTqGb85hg==
