
Microsoft Visual Studio Solution File, Format Version 12.00
# Visual Studio Version 16
VisualStudioVersion = 16.0.29409.12
MinimumVisualStudioVersion = 10.0.40219.1
Project("{9092AA53-FB77-4645-B42D-1CCCA6BD08BD}") = "NodejsConsoleApp1", "NodejsConsoleApp1.njsproj", "{999E2F5B-972C-4607-B05B-8A2CAA68ACBB}"
EndProject
Project("{FAE04EC0-301F-11D3-BF4B-00C04F79EFBC}") = "Testing", "..\Testing\Testing.csproj", "{385EF858-FF2F-4EC7-BDFB-E0A185D11495}"
EndProject
Global
	GlobalSection(SolutionConfigurationPlatforms) = preSolution
		Debug|Any CPU = Debug|Any CPU
		Release|Any CPU = Release|Any CPU
	EndGlobalSection
	GlobalSection(ProjectConfigurationPlatforms) = postSolution
		{999E2F5B-972C-4607-B05B-8A2CAA68ACBB}.Debug|Any CPU.ActiveCfg = Debug|Any CPU
		{999E2F5B-972C-4607-B05B-8A2CAA68ACBB}.Debug|Any CPU.Build.0 = Debug|Any CPU
		{999E2F5B-972C-4607-B05B-8A2CAA68ACBB}.Release|Any CPU.ActiveCfg = Release|Any CPU
		{999E2F5B-972C-4607-B05B-8A2CAA68ACBB}.Release|Any CPU.Build.0 = Release|Any CPU
		{385EF858-FF2F-4EC7-BDFB-E0A185D11495}.Debug|Any CPU.ActiveCfg = Debug|Any CPU
		{385EF858-FF2F-4EC7-BDFB-E0A185D11495}.Debug|Any CPU.Build.0 = Debug|Any CPU
		{385EF858-FF2F-4EC7-BDFB-E0A185D11495}.Release|Any CPU.ActiveCfg = Release|Any CPU
		{385EF858-FF2F-4EC7-BDFB-E0A185D11495}.Release|Any CPU.Build.0 = Release|Any CPU
	EndGlobalSection
	GlobalSection(SolutionProperties) = preSolution
		HideSolutionNode = FALSE
	EndGlobalSection
	GlobalSection(ExtensibilityGlobals) = postSolution
		SolutionGuid = {87D3250D-7866-4C1A-9238-06539612AC81}
	EndGlobalSection
EndGlobal
