# THIS IS AN AUTOGENERATED FILE. DO NOT EDIT THIS FILE DIRECTLY.
# yarn lockfile v1


"@cognite/eslint-plugin@^1.1.0":
  version "1.1.0"
  resolved "https://registry.yarnpkg.com/@cognite/eslint-plugin/-/eslint-plugin-1.1.0.tgz#c8a163d88e0c7a603dfb556fbee5d60107c5fe68"
  integrity sha512-YN3cJSEqElXBJUARSBk8/qHTVoz/kISWUnFi6C3aTr6IXjDYxIyDmVbb0t/N+g4nddwjF5jro3Ah1OdomYfDgw==
  dependencies:
    lodash "^4.17.15"
    randexp "^0.5.3"
  optionalDependencies:
    typescript "^3.6"

drange@^1.0.2:
  version "1.1.1"
  resolved "https://registry.yarnpkg.com/drange/-/drange-1.1.1.tgz#b2aecec2aab82fcef11dbbd7b9e32b83f8f6c0b8"
  integrity sha512-pYxfDYpued//QpnLIm4Avk7rsNtAtQkUES2cwAYSvD/wd2pKD71gN2Ebj3e7klzXwjocvE8c5vx/1fxwpqmSxA==

lodash@^4.17.15:
  version "4.17.15"
  resolved "https://registry.yarnpkg.com/lodash/-/lodash-4.17.15.tgz#b447f6670a0455bbfeedd11392eff330ea097548"
  integrity sha512-8xOcRHvCjnocdS5cpwXQXVzmmh5e5+saE2QGoeQmbKmRS6J3VQppPOIt0MnmE+4xlZoumy0GPG0D0MVIQbNA1A==

randexp@^0.5.3:
  version "0.5.3"
  resolved "https://registry.yarnpkg.com/randexp/-/randexp-0.5.3.tgz#f31c2de3148b30bdeb84b7c3f59b0ebb9fec3738"
  integrity sha512-U+5l2KrcMNOUPYvazA3h5ekF80FHTUG+87SEAmHZmolh1M+i/WyTCxVzmi+tidIa1tM4BSe8g2Y/D3loWDjj+w==
  dependencies:
    drange "^1.0.2"
    ret "^0.2.0"

ret@^0.2.0:
  version "0.2.2"
  resolved "https://registry.yarnpkg.com/ret/-/ret-0.2.2.tgz#b6861782a1f4762dce43402a71eb7a283f44573c"
  integrity sha512-M0b3YWQs7R3Z917WRQy1HHA7Ba7D8hvZg6UE5mLykJxQVE2ju0IXbGlaHPPlkY+WN7wFP+wUMXmBFA0aV6vYGQ==

typescript@^3.6:
  version "3.9.5"
  resolved "https://registry.yarnpkg.com/typescript/-/typescript-3.9.5.tgz#586f0dba300cde8be52dd1ac4f7e1009c1b13f36"
  integrity sha512-hSAifV3k+i6lEoCJ2k6R2Z/rp/H3+8sdmcn5NrS3/3kE7+RyZXm9aqvxWqjEXHAd8b0pShatpcdMTvEdvAJltQ==
