# This file is generated by running "yarn install" inside your project.
# Manual changes might be lost - proceed with caution!

__metadata:
  version: 6

"@cognite/reveal@link:../../viewer/dist::locator=%40reveal-documentation%2Fnext%40workspace%3A.":
  version: 0.0.0-use.local
  resolution: "@cognite/reveal@link:../../viewer/dist::locator=%40reveal-documentation%2Fnext%40workspace%3A."
  languageName: node
  linkType: soft

"@cognite/sdk@link:../../viewer/node_modules/@cognite/sdk::locator=%40reveal-documentation%2Fnext%40workspace%3A.":
  version: 0.0.0-use.local
  resolution: "@cognite/sdk@link:../../viewer/node_modules/@cognite/sdk::locator=%40reveal-documentation%2Fnext%40workspace%3A."
  languageName: node
  linkType: soft

"@reveal-documentation/next@workspace:.":
  version: 0.0.0-use.local
  resolution: "@reveal-documentation/next@workspace:."
  dependencies:
    "@cognite/reveal": "link:../../viewer/dist"
    "@cognite/sdk": "link:../../viewer/node_modules/@cognite/sdk"
    "@types/three": "link:../../viewer/node_modules/@types/three"
    three: "link:../../viewer/node_modules/three"
  languageName: unknown
  linkType: soft

"@types/three@link:../../viewer/node_modules/@types/three::locator=%40reveal-documentation%2Fnext%40workspace%3A.":
  version: 0.0.0-use.local
  resolution: "@types/three@link:../../viewer/node_modules/@types/three::locator=%40reveal-documentation%2Fnext%40workspace%3A."
  languageName: node
  linkType: soft

"three@link:../../viewer/node_modules/three::locator=%40reveal-documentation%2Fnext%40workspace%3A.":
  version: 0.0.0-use.local
  resolution: "three@link:../../viewer/node_modules/three::locator=%40reveal-documentation%2Fnext%40workspace%3A."
  languageName: node
  linkType: soft
