# THIS IS AN AUTOGENERATED FILE. DO NOT EDIT THIS FILE DIRECTLY.
# yarn lockfile v1


d3-array@^1.2.0:
  version "1.2.4"
  resolved "https://registry.yarnpkg.com/d3-array/-/d3-array-1.2.4.tgz#635ce4d5eea759f6f605863dbcfc30edc737f71f"
  integrity sha512-KHW6M86R+FUPYGb3R5XiYjXPq7VzwxZ22buHhAEVG5ztoEcZZMLov530mmccaqA1GghZArjQV46fuc8kUqhhHw==

d3-array@~2.3.0:
  version "2.3.3"
  resolved "https://registry.yarnpkg.com/d3-array/-/d3-array-2.3.3.tgz#e90c39fbaedccedf59fc30473092f99a0e14efa2"
  integrity sha512-syv3wp0U5aB6toP2zb2OdBkhTy1MWDsCAaYk6OXJZv+G4u7bSWEmYgxLoFyc88RQUhZYGCebW9a9UD1gFi5+MQ==

d3-collection@1:
  version "1.0.7"
  resolved "https://registry.yarnpkg.com/d3-collection/-/d3-collection-1.0.7.tgz#349bd2aa9977db071091c13144d5e4f16b5b310e"
  integrity sha512-ii0/r5f4sjKNTfh84Di+DpztYwqKhEyUlKoPrzUFfeSkWxjW49xU2QzO9qrPrNkpdI0XJkfzvmTu8V2Zylln6A==

d3-color@1:
  version "1.4.1"
  resolved "https://registry.yarnpkg.com/d3-color/-/d3-color-1.4.1.tgz#c52002bf8846ada4424d55d97982fef26eb3bc8a"
  integrity sha512-p2sTHSLCJI2QKunbGb7ocOh7DgTAn8IrLx21QRc/BSnodXM4sv6aLQlnfpvehFMLZEfBc6g9pH9SWQccFYfJ9Q==

d3-ease@^1.0.0:
  version "1.0.7"
  resolved "https://registry.yarnpkg.com/d3-ease/-/d3-ease-1.0.7.tgz#9a834890ef8b8ae8c558b2fe55bd57f5993b85e2"
  integrity sha512-lx14ZPYkhNx0s/2HX5sLFUI3mbasHjSSpwO/KaaNACweVwxUruKyWVcb293wMv1RqTPZyZ8kSZ2NogUZNcLOFQ==

d3-format@1:
  version "1.4.5"
  resolved "https://registry.yarnpkg.com/d3-format/-/d3-format-1.4.5.tgz#374f2ba1320e3717eb74a9356c67daee17a7edb4"
  integrity sha512-J0piedu6Z8iB6TbIGfZgDzfXxUFN3qQRMofy2oPdXzQibYGqPB/9iMcxr/TGalU+2RsyDO+U4f33id8tbnSRMQ==

d3-interpolate@1, d3-interpolate@^1.1.1:
  version "1.4.0"
  resolved "https://registry.yarnpkg.com/d3-interpolate/-/d3-interpolate-1.4.0.tgz#526e79e2d80daa383f9e0c1c1c7dcc0f0583e987"
  integrity sha512-V9znK0zc3jOPV4VD2zZn0sDhZU3WAE2bmlxdIwwQPPzPjvyLkd8B3JUVdS1IDUFDkWZ72c9qnv1GK2ZagTZ8EA==
  dependencies:
    d3-color "1"

d3-path@1:
  version "1.0.9"
  resolved "https://registry.yarnpkg.com/d3-path/-/d3-path-1.0.9.tgz#48c050bb1fe8c262493a8caf5524e3e9591701cf"
  integrity sha512-VLaYcn81dtHVTjEHd8B+pbe9yHWpXKZUC87PzoFmsFrJqgFwDe/qxfp5MlfsfM1V5E/iVt0MmEbWQ7FVIXh/bg==

d3-scale@^1.0.0:
  version "1.0.7"
  resolved "https://registry.yarnpkg.com/d3-scale/-/d3-scale-1.0.7.tgz#fa90324b3ea8a776422bd0472afab0b252a0945d"
  integrity sha512-KvU92czp2/qse5tUfGms6Kjig0AhHOwkzXG0+PqIJB3ke0WUv088AHMZI0OssO9NCkXt4RP8yju9rpH8aGB7Lw==
  dependencies:
    d3-array "^1.2.0"
    d3-collection "1"
    d3-color "1"
    d3-format "1"
    d3-interpolate "1"
    d3-time "1"
    d3-time-format "2"

d3-shape@^1.0.0, d3-shape@^1.2.0:
  version "1.3.7"
  resolved "https://registry.yarnpkg.com/d3-shape/-/d3-shape-1.3.7.tgz#df63801be07bc986bc54f63789b4fe502992b5d7"
  integrity sha512-EUkvKjqPFUAZyOlhY5gzCxCeI0Aep04LwIRpsZ/mLFelJiUfnK56jo5JMDSE7yyP2kLSb6LtF+S5chMk7uqPqw==
  dependencies:
    d3-path "1"

d3-time-format@2:
  version "2.3.0"
  resolved "https://registry.yarnpkg.com/d3-time-format/-/d3-time-format-2.3.0.tgz#107bdc028667788a8924ba040faf1fbccd5a7850"
  integrity sha512-guv6b2H37s2Uq/GefleCDtbe0XZAuy7Wa49VGkPVPMfLL9qObgBST3lEHJBMUp8S7NdLQAGIvr2KXk8Hc98iKQ==
  dependencies:
    d3-time "1"

d3-time@1:
  version "1.1.0"
  resolved "https://registry.yarnpkg.com/d3-time/-/d3-time-1.1.0.tgz#b1e19d307dae9c900b7e5b25ffc5dcc249a8a0f1"
  integrity sha512-Xh0isrZ5rPYYdqhAVk8VLnMEidhz5aP7htAADH6MfzgmmicPkTo8LhkLxci61/lCB7n7UmE3bN0leRt+qvkLxA==

d3-timer@^1.0.0:
  version "1.0.10"
  resolved "https://registry.yarnpkg.com/d3-timer/-/d3-timer-1.0.10.tgz#dfe76b8a91748831b13b6d9c793ffbd508dd9de5"
  integrity sha512-B1JDm0XDaQC+uvo4DT79H0XmBskgS3l6Ve+1SBCfxgmtIb1AVrPIoqd+nPSv+loMX8szQ0sVUhGngL7D5QPiXw==

d3-voronoi@^1.1.2:
  version "1.1.4"
  resolved "https://registry.yarnpkg.com/d3-voronoi/-/d3-voronoi-1.1.4.tgz#dd3c78d7653d2bb359284ae478645d95944c8297"
  integrity sha512-dArJ32hchFsrQ8uMiTBLq256MpnZjeuBtdHpaDlYuQyjU0CVzCJl/BVW+SkszaAeH95D/8gxqAhgx0ouAWAfRg==

delaunator@^4.0.0:
  version "4.0.1"
  resolved "https://registry.yarnpkg.com/delaunator/-/delaunator-4.0.1.tgz#3d779687f57919a7a418f8ab947d3bddb6846957"
  integrity sha512-WNPWi1IRKZfCt/qIDMfERkDp93+iZEmOxN2yy4Jg+Xhv8SLk2UTqqbe1sfiipn0and9QrE914/ihdx82Y/Giag==

delaunay-find@0.0.6:
  version "0.0.6"
  resolved "https://registry.yarnpkg.com/delaunay-find/-/delaunay-find-0.0.6.tgz#2ed017a79410013717fa7d9422e082c2502d4ae3"
  integrity sha512-1+almjfrnR7ZamBk0q3Nhg6lqSe6Le4vL0WJDSMx4IDbQwTpUTXPjxC00lqLBT8MYsJpPCbI16sIkw9cPsbi7Q==
  dependencies:
    delaunator "^4.0.0"

"js-tokens@^3.0.0 || ^4.0.0":
  version "4.0.0"
  resolved "https://registry.yarnpkg.com/js-tokens/-/js-tokens-4.0.0.tgz#19203fb59991df98e3a287050d4647cdeaf32499"
  integrity sha512-RdJUflcE3cUzKiMqQgsCu06FPu9UdIJO0beYbPhHN4k6apgJtifcoCtT9bcxOpYBtpD2kCM6Sbzg4CausW/PKQ==

json-stringify-safe@^5.0.1:
  version "5.0.1"
  resolved "https://registry.yarnpkg.com/json-stringify-safe/-/json-stringify-safe-5.0.1.tgz#1296a2d58fd45f19a0f6ce01d65701e2c735b6eb"
  integrity sha1-Epai1Y/UXxmg9s4B1lcB4sc1tus=

lodash@^4.17.19, lodash@^4.17.21:
  version "4.17.21"
  resolved "https://registry.yarnpkg.com/lodash/-/lodash-4.17.21.tgz#679591c564c3bffaae8454cf0b3df370c3d6911c"
  integrity sha512-v2kDEe57lecTulaDIuNTPy3Ry4gLGJ6Z1O3vE1krgXZNrsQ+LFTGHVxVjcXPs17LhbZVGedAJv8XZ1tvj5FvSg==

loose-envify@^1.4.0:
  version "1.4.0"
  resolved "https://registry.yarnpkg.com/loose-envify/-/loose-envify-1.4.0.tgz#71ee51fa7be4caec1a63839f7e682d8132d30caf"
  integrity sha512-lyuxPGr/Wfhrlem2CL/UcnUc1zcqKAImBDzukY7Y5F/yQiNdko6+fRLevlw1HgMySw7f611UIY408EtxRSoK3Q==
  dependencies:
    js-tokens "^3.0.0 || ^4.0.0"

object-assign@^4.1.1:
  version "4.1.1"
  resolved "https://registry.yarnpkg.com/object-assign/-/object-assign-4.1.1.tgz#2109adc7965887cfc05cbbd442cac8bfbb360863"
  integrity sha1-IQmtx5ZYh8/AXLvUQsrIv7s2CGM=

prop-types@^15.5.8:
  version "15.8.1"
  resolved "https://registry.yarnpkg.com/prop-types/-/prop-types-15.8.1.tgz#67d87bf1a694f48435cf332c24af10214a3140b5"
  integrity sha512-oj87CgZICdulUohogVAR7AjlC0327U4el4L6eAvOqCeudMDVU0NThNaV+b9Df4dXgSP1gXMTnPdhfe/2qDH5cg==
  dependencies:
    loose-envify "^1.4.0"
    object-assign "^4.1.1"
    react-is "^16.13.1"

react-fast-compare@^2.0.0:
  version "2.0.4"
  resolved "https://registry.yarnpkg.com/react-fast-compare/-/react-fast-compare-2.0.4.tgz#e84b4d455b0fec113e0402c329352715196f81f9"
  integrity sha512-suNP+J1VU1MWFKcyt7RtjiSWUjvidmQSlqu+eHslq+342xCbGTYmC0mEhPCOHxlW0CywylOC1u2DFAT+bv4dBw==

react-is@^16.13.1:
  version "16.13.1"
  resolved "https://registry.yarnpkg.com/react-is/-/react-is-16.13.1.tgz#789729a4dc36de2999dc156dd6c1d9c18cea56a4"
  integrity sha512-24e6ynE2H+OKt4kqsOvNd8kBpV65zoxbA4BVsEOB3ARVWQki/DHzaUoC5KuON/BiccDaCCTZBuOcfZs70kR8bQ==

victory-area@^36.2.1:
  version "36.2.1"
  resolved "https://registry.yarnpkg.com/victory-area/-/victory-area-36.2.1.tgz#e865016bebd03f6ee8fe627ccd039174668a895f"
  integrity sha512-mCtwPRYc6+pAhEPFwCOq12/af9CAXjvf06FRVjmuFhIXMx77TgC9KnlpgImQDxbBhzHbsEKYgMNB3I3valq0qg==
  dependencies:
    d3-shape "^1.2.0"
    lodash "^4.17.19"
    prop-types "^15.5.8"
    victory-core "^36.2.1"

victory-axis@^36.2.1:
  version "36.2.1"
  resolved "https://registry.yarnpkg.com/victory-axis/-/victory-axis-36.2.1.tgz#bd34015bdf6789dc887ad66636edc956fffa18aa"
  integrity sha512-HrqCaz5UZzC+WiXoZDtYN+u+LMn28UzxpeXz+M81xJfb7g++IMdiFFIQOT3ixSOEjyfJD+G0i6Jhuo0bLMO8Aw==
  dependencies:
    lodash "^4.17.19"
    prop-types "^15.5.8"
    victory-core "^36.2.1"

victory-bar@^36.2.1:
  version "36.2.1"
  resolved "https://registry.yarnpkg.com/victory-bar/-/victory-bar-36.2.1.tgz#5a44785a2f55d964d6570b4b3bde4bbbd56beb6d"
  integrity sha512-2uUJxxYN96ssG9/UEaQjK44XAoPvggRNThnhBHJbJi37mQabTJHHYT3O4Y5DuCPFDY5Hyxe+JxElyos+pnLNDQ==
  dependencies:
    d3-shape "^1.2.0"
    lodash "^4.17.19"
    prop-types "^15.5.8"
    victory-core "^36.2.1"

victory-box-plot@^36.2.1:
  version "36.2.1"
  resolved "https://registry.yarnpkg.com/victory-box-plot/-/victory-box-plot-36.2.1.tgz#188ab3087d2057f01964ae92b915b0459dd64fcb"
  integrity sha512-bzh8Lkig8dqAayja5Xevb+wqF4D3uSwpCfRgYV3UHCJi4lEPaMCfEC47jZUgNhGoO5P3jcJCDCAFwod17G9OsA==
  dependencies:
    d3-array "^1.2.0"
    lodash "^4.17.19"
    prop-types "^15.5.8"
    victory-core "^36.2.1"

victory-brush-container@^36.2.1:
  version "36.2.1"
  resolved "https://registry.yarnpkg.com/victory-brush-container/-/victory-brush-container-36.2.1.tgz#655caeb6630eb26963cc6b3e590123738c1cb05e"
  integrity sha512-HtA8evIvbfJIFJd6znazS0txyzrpL7lZiTrhcWxBS5pRATTu37910PsOjehf/bsgu7fscf86BMG58DcroWOLUQ==
  dependencies:
    lodash "^4.17.19"
    prop-types "^15.5.8"
    react-fast-compare "^2.0.0"
    victory-core "^36.2.1"

victory-brush-line@^36.2.1:
  version "36.2.1"
  resolved "https://registry.yarnpkg.com/victory-brush-line/-/victory-brush-line-36.2.1.tgz#86e12583595d37bb53b1cbaf20dbb6a59b7c0979"
  integrity sha512-XkG/z/h/bwg/6DvYXeZhzdrFKsJkPuVNUbm1TXQcC9sTwwlWsblykYxsyA9q5uo5t49JkeeGEILoNmA8Cx9DJQ==
  dependencies:
    lodash "^4.17.19"
    prop-types "^15.5.8"
    react-fast-compare "^2.0.0"
    victory-core "^36.2.1"

victory-candlestick@^36.2.1:
  version "36.2.1"
  resolved "https://registry.yarnpkg.com/victory-candlestick/-/victory-candlestick-36.2.1.tgz#3a61711b003902aa81e98c806c17631d41d4e036"
  integrity sha512-PvqsNkjDBvqvLJzX4W+mSECvj3dG36yoaAocfVdnz+K0Sk1qG1ou5Y4Zq/2JluAWQYLteFYCdBckAtw/aTXoMA==
  dependencies:
    lodash "^4.17.19"
    prop-types "^15.5.8"
    victory-core "^36.2.1"

victory-canvas@^36.2.1:
  version "36.2.1"
  resolved "https://registry.yarnpkg.com/victory-canvas/-/victory-canvas-36.2.1.tgz#2d88839f0ca02976fbcdd86c200eb2443b1f3b71"
  integrity sha512-ZyT39ufOC9OR7xriJ8tGq3ZCfT0oJE+biWl4P7Ty7E8lqzraNrmBFKrK+IQuyFgIGNNAgBuZRL1TRbJMz+hJAA==
  dependencies:
    lodash "^4.17.19"
    prop-types "^15.5.8"
    victory-core "^36.2.1"

victory-chart@^36.2.1:
  version "36.2.1"
  resolved "https://registry.yarnpkg.com/victory-chart/-/victory-chart-36.2.1.tgz#2f997948c712a5c267590afeb0c273d4a0468990"
  integrity sha512-BvQXpL+0+9RkH6OMJaifZB9vFmWMvA7mRoPcuHn0OqfmfRVEUyd6J6sxW3nHKdu7fF4PBcmxo0JnyitOOnWUWg==
  dependencies:
    lodash "^4.17.19"
    prop-types "^15.5.8"
    react-fast-compare "^2.0.0"
    victory-axis "^36.2.1"
    victory-core "^36.2.1"
    victory-polar-axis "^36.2.1"
    victory-shared-events "^36.2.1"

victory-core@^36.2.1:
  version "36.2.1"
  resolved "https://registry.yarnpkg.com/victory-core/-/victory-core-36.2.1.tgz#d63231c15eec413e7bbfd17760cef2a66cbd99d0"
  integrity sha512-xT1ENCzf7LO0Tdzz8DvKzyL79ah1k5+e60dYwvvsDbjcQfUnJpyFSGw0j3J6TMieUAOdiQ+OmkzuLBqSy0TX6g==
  dependencies:
    d3-ease "^1.0.0"
    d3-interpolate "^1.1.1"
    d3-scale "^1.0.0"
    d3-shape "^1.2.0"
    d3-timer "^1.0.0"
    lodash "^4.17.21"
    prop-types "^15.5.8"
    react-fast-compare "^2.0.0"

victory-create-container@^36.2.1:
  version "36.2.1"
  resolved "https://registry.yarnpkg.com/victory-create-container/-/victory-create-container-36.2.1.tgz#7c6e43aa128f796558da86eadfc1ff2b0067e0a6"
  integrity sha512-coCPlDueoamAnp/nLY6XU6yLl0oHpMq4ZAoBtJIMTpbOuxlffySaoNqxQoAr/6cTvtCuuXinD5Cb5UfyIQytgQ==
  dependencies:
    lodash "^4.17.19"
    victory-brush-container "^36.2.1"
    victory-core "^36.2.1"
    victory-cursor-container "^36.2.1"
    victory-selection-container "^36.2.1"
    victory-voronoi-container "^36.2.1"
    victory-zoom-container "^36.2.1"

victory-cursor-container@^36.2.1:
  version "36.2.1"
  resolved "https://registry.yarnpkg.com/victory-cursor-container/-/victory-cursor-container-36.2.1.tgz#fcc2acdf75d20ceffa50ba23d870febacc25e8d8"
  integrity sha512-QKCylhccnn4IEyi3wjcqSdyNLQVwRAL/xjTq0kG7Kasweib6qX+exYOt27ms24d4ipkaGvDCIe+9V1kk25ImIA==
  dependencies:
    lodash "^4.17.19"
    prop-types "^15.5.8"
    victory-core "^36.2.1"

victory-errorbar@^36.2.1:
  version "36.2.1"
  resolved "https://registry.yarnpkg.com/victory-errorbar/-/victory-errorbar-36.2.1.tgz#57d199ad799447272f2d447446b501ed2690084d"
  integrity sha512-0aYOJAGIa6DxPX45mC6OyKFhdLNzBHvXs/QU+WaUZZIQX2NSJUU7Ju/8LaYIARnz4nUfdNYqji8eKV43bwbNew==
  dependencies:
    lodash "^4.17.19"
    prop-types "^15.5.8"
    victory-core "^36.2.1"

victory-group@^36.2.1:
  version "36.2.1"
  resolved "https://registry.yarnpkg.com/victory-group/-/victory-group-36.2.1.tgz#6ba9e7e26c61f5352111009b905a829217444c54"
  integrity sha512-EBsVT4I69tr3dL5WiDCw4dlyt3VZFrmqKODfgww6naxHOJfmleAcHg6UDn45iFqp7I+g31Vu1v+9cb7AALYURg==
  dependencies:
    lodash "^4.17.19"
    prop-types "^15.5.8"
    react-fast-compare "^2.0.0"
    victory-core "^36.2.1"
    victory-shared-events "^36.2.1"

victory-histogram@^36.2.1:
  version "36.2.1"
  resolved "https://registry.yarnpkg.com/victory-histogram/-/victory-histogram-36.2.1.tgz#11c4a6358cf61286931b5b72f3de9fe1c24a8e60"
  integrity sha512-FRFW/sT3GUunk0Yg5KSC8P7EmojrE2rTSoqGhZIWzF47SEdo7tdUaqYeFTgMjokiR+RlCOWXJDu4U/TSeAQFTA==
  dependencies:
    d3-array "~2.3.0"
    d3-scale "^1.0.0"
    lodash "^4.17.19"
    prop-types "^15.5.8"
    react-fast-compare "^2.0.0"
    victory-bar "^36.2.1"
    victory-core "^36.2.1"

victory-legend@^36.2.1:
  version "36.2.1"
  resolved "https://registry.yarnpkg.com/victory-legend/-/victory-legend-36.2.1.tgz#116c3960ba2b5121cba8bba39e68d9edc62c7b0f"
  integrity sha512-aJiyxGEHhHoFr4gEOqTzQZrJ9E8J16/KH/GgY3bgdcvTkLraBO6qp16AMi+dUVy9/uMd5XQaI2D2sqq0CUfxrA==
  dependencies:
    lodash "^4.17.19"
    prop-types "^15.5.8"
    victory-core "^36.2.1"

victory-line@^36.2.1:
  version "36.2.1"
  resolved "https://registry.yarnpkg.com/victory-line/-/victory-line-36.2.1.tgz#105beb5519c74384360f04b8de7e964ab11b4224"
  integrity sha512-CWEF5pcWs+j7hZR6yQM3ISZ7LyKV1Guu5nAobAjk/bz8saC4gRZQR3pdY6dBqkEjpYHGsS/jceF8Sr5wQBbZTA==
  dependencies:
    d3-shape "^1.2.0"
    lodash "^4.17.19"
    prop-types "^15.5.8"
    victory-core "^36.2.1"

victory-pie@^36.2.1:
  version "36.2.1"
  resolved "https://registry.yarnpkg.com/victory-pie/-/victory-pie-36.2.1.tgz#035182c73ab58b3e1419139f156fac31457eec3b"
  integrity sha512-sFd1aR2izU81k49//XRTbp5N6AQP/H5D+vH7+G1hP3h0Ft2nCO36tt/J5muU8Momis0mATQF2eJ5d6nUSWnXIg==
  dependencies:
    d3-shape "^1.0.0"
    lodash "^4.17.19"
    prop-types "^15.5.8"
    victory-core "^36.2.1"

victory-polar-axis@^36.2.1:
  version "36.2.1"
  resolved "https://registry.yarnpkg.com/victory-polar-axis/-/victory-polar-axis-36.2.1.tgz#f91d22b4dd3dbe8766d7d7fec739779ecfe88e70"
  integrity sha512-M4+P//GGhMmghdvNhjiI3NaiZa9PNn3aQFSVSLtPd1b5sf00gq8p4XaQWkQ0AIDOsPZJUGBZBSx1mVPRyUJ98w==
  dependencies:
    lodash "^4.17.19"
    prop-types "^15.5.8"
    victory-core "^36.2.1"

victory-scatter@^36.2.1:
  version "36.2.1"
  resolved "https://registry.yarnpkg.com/victory-scatter/-/victory-scatter-36.2.1.tgz#578a05427789d8c5a0abe8aa0a2f6a88a685d20f"
  integrity sha512-EhIcHIwnuOj7OBgAjXd76fePOzX1nJ+6Z7QXKWJRECzaFEdM3WXN/gomEcKF1zGDkFXEaL9NDJm9yRG7FjYxlg==
  dependencies:
    lodash "^4.17.19"
    prop-types "^15.5.8"
    victory-core "^36.2.1"

victory-selection-container@^36.2.1:
  version "36.2.1"
  resolved "https://registry.yarnpkg.com/victory-selection-container/-/victory-selection-container-36.2.1.tgz#32d4ad1be64a722ea41e81bca83119e9860d3eff"
  integrity sha512-nW0JlqH/Wm4ksgnQeyObfH+1kwSPnCW72czqLMj24CMPvKCNSaifwz21ph7hdTvZDdipo+o4N+9bFxqumQZp6g==
  dependencies:
    lodash "^4.17.19"
    prop-types "^15.5.8"
    victory-core "^36.2.1"

victory-shared-events@^36.2.1:
  version "36.2.1"
  resolved "https://registry.yarnpkg.com/victory-shared-events/-/victory-shared-events-36.2.1.tgz#9fe1bce7d6d0588aef8f5633a8617aea544126d1"
  integrity sha512-eiU3SRu08G8wJ6dvrRiD7j+CCpFKxFkuSvh770s7G4PSHe26isRml9ipsC14XRxxao1lLQfo+v8G966KXQiO3A==
  dependencies:
    json-stringify-safe "^5.0.1"
    lodash "^4.17.19"
    prop-types "^15.5.8"
    react-fast-compare "^2.0.0"
    victory-core "^36.2.1"

victory-stack@^36.2.1:
  version "36.2.1"
  resolved "https://registry.yarnpkg.com/victory-stack/-/victory-stack-36.2.1.tgz#8edfdeddbebe2e0a4610778746a82e62808b8c57"
  integrity sha512-GOPf2ErYKQlMMyqPbxgsAbeOzuLk84UEhSv5q4OWJY6unAdKKdwXjGHDBl132HoWTuwZDrYKbLDE0wIV/kh+1w==
  dependencies:
    lodash "^4.17.19"
    prop-types "^15.5.8"
    react-fast-compare "^2.0.0"
    victory-core "^36.2.1"
    victory-shared-events "^36.2.1"

victory-tooltip@^36.2.1:
  version "36.2.1"
  resolved "https://registry.yarnpkg.com/victory-tooltip/-/victory-tooltip-36.2.1.tgz#4f91fb8632df728fc3329b87af1f8a854f3cd16f"
  integrity sha512-HFpLQ43TlquDZXuthzwldlfVsTU1kXFeNEt7lBH0msJBlMEYEAyIsX1AcxljPOhwSA6DhEYV88oZhC0Ky1NI/A==
  dependencies:
    lodash "^4.17.19"
    prop-types "^15.5.8"
    victory-core "^36.2.1"

victory-voronoi-container@^36.2.1:
  version "36.2.1"
  resolved "https://registry.yarnpkg.com/victory-voronoi-container/-/victory-voronoi-container-36.2.1.tgz#f9cb1bf1762a89a52e68ee2223b92eeccfeb4795"
  integrity sha512-JtmmikqckRbPgRbdKXWLZobf+eMEFSrbBhP2ciKqLjYFPjsoeLKGtG6rnJXlujesnqqGIO9qCFU8fwo6TK5tkw==
  dependencies:
    delaunay-find "0.0.6"
    lodash "^4.17.19"
    prop-types "^15.5.8"
    react-fast-compare "^2.0.0"
    victory-core "^36.2.1"
    victory-tooltip "^36.2.1"

victory-voronoi@^36.2.1:
  version "36.2.1"
  resolved "https://registry.yarnpkg.com/victory-voronoi/-/victory-voronoi-36.2.1.tgz#3e228a79083d6c8f687271597405d2407cbf044f"
  integrity sha512-/uaNWETIcQ+C2jEy+cgl0vG8wMjponKthCJ/6yKSoPQu43bPXJFqMOgjfDsmtGQbH9oFpU2nSx8rAfzVN9U6qQ==
  dependencies:
    d3-voronoi "^1.1.2"
    lodash "^4.17.19"
    prop-types "^15.5.8"
    victory-core "^36.2.1"

victory-zoom-container@^36.2.1:
  version "36.2.1"
  resolved "https://registry.yarnpkg.com/victory-zoom-container/-/victory-zoom-container-36.2.1.tgz#d677af72eae4c3eff884cfb12cc2691964adc4f1"
  integrity sha512-a6dbILtt/HQqQXBrriQW4db11tA6y9cBG5E/QXJI35N6nZsqfIFCKS1DGIX7N5lF5ykaijbWocsqfi7gvshxcA==
  dependencies:
    lodash "^4.17.19"
    prop-types "^15.5.8"
    victory-core "^36.2.1"

victory@^36.2.1:
  version "36.2.1"
  resolved "https://registry.yarnpkg.com/victory/-/victory-36.2.1.tgz#56d2ea58e6a94c8524f32ec70af864caf4167835"
  integrity sha512-e3YX8ipN48QsK4ZH2oeJAZi4pf/qgo1h+CQV+kdd+F3MtrkGDXzEuUShibDAjtBI+HDQRnf5eQAJFH+2Ou196Q==
  dependencies:
    victory-area "^36.2.1"
    victory-axis "^36.2.1"
    victory-bar "^36.2.1"
    victory-box-plot "^36.2.1"
    victory-brush-container "^36.2.1"
    victory-brush-line "^36.2.1"
    victory-candlestick "^36.2.1"
    victory-canvas "^36.2.1"
    victory-chart "^36.2.1"
    victory-core "^36.2.1"
    victory-create-container "^36.2.1"
    victory-cursor-container "^36.2.1"
    victory-errorbar "^36.2.1"
    victory-group "^36.2.1"
    victory-histogram "^36.2.1"
    victory-legend "^36.2.1"
    victory-line "^36.2.1"
    victory-pie "^36.2.1"
    victory-polar-axis "^36.2.1"
    victory-scatter "^36.2.1"
    victory-selection-container "^36.2.1"
    victory-shared-events "^36.2.1"
    victory-stack "^36.2.1"
    victory-tooltip "^36.2.1"
    victory-voronoi "^36.2.1"
    victory-voronoi-container "^36.2.1"
    victory-zoom-container "^36.2.1"
