# THIS IS AN AUTOGENERATED FILE. DO NOT EDIT THIS FILE DIRECTLY.
# yarn lockfile v1


"@cognite/reveal@link:../../../viewer/dist":
  version "0.0.0"
  uid ""

"@cognite/sdk@link:../../../viewer/node_modules/sdk":
  version "0.0.0"
  uid ""

"@types/three@link:../../../viewer/node_modules/@types/three":
  version "0.0.0"
  uid ""

"@types/webxr@*":
  version "0.5.0"
  resolved "https://registry.yarnpkg.com/@types/webxr/-/webxr-0.5.0.tgz#aae1cef3210d88fd4204f8c33385a0bbc4da07c9"
  integrity sha512-IUMDPSXnYIbEO2IereEFcgcqfDREOgmbGqtrMpVPpACTU6pltYLwHgVkrnYv0XhWEcjio9sYEfIEzgn3c7nDqA==

"three@link:../../../viewer/node_modules/three":
  version "0.0.0"
  uid ""
