# THIS IS AN AUTOGENERATED FILE. DO NOT EDIT THIS FILE DIRECTLY.
# yarn lockfile v1


"@types/single-spa-react@^4.0.0":
  version "4.0.0"
  resolved "https://registry.yarnpkg.com/@types/single-spa-react/-/single-spa-react-4.0.0.tgz#017f47a864dc954af7f5561a95c98dd33f856784"
  integrity sha512-+htuHjgux1Q2J71OGd8/GVvOPVEFFxC8ML4qjr0hppKySUzGLld/O7KbiMOOVVG4gOVBnghsjjHZYlUFLFhKTQ==
  dependencies:
    single-spa-react "*"

browserslist-config-single-spa@^1.0.1:
  version "1.0.1"
  resolved "https://registry.yarnpkg.com/browserslist-config-single-spa/-/browserslist-config-single-spa-1.0.1.tgz#965f1f1606ba44671e649f410d8b8f735a327301"
  integrity sha512-nqOxTbatv6FcdgBvUTuH4MuojMZwvskspz5Y4dmpVcKd0uaQY8KEl3iALWus16+AwPVe3BIerBNEgELyaHZcQg==

single-spa-react@*, single-spa-react@^4.6.1:
  version "4.6.1"
  resolved "https://registry.yarnpkg.com/single-spa-react/-/single-spa-react-4.6.1.tgz#1a1fe605c0ab56d3258d06fde787f1ddef7942f2"
  integrity sha512-19Yr1f6u9ix/wTI+OVLzX/KJ258xCyfe1Zpw7NKoI02QWBLx5B9l9XmBx9gqVtkrgP5ARR0Wr3ztY7EN8V1DAA==
  dependencies:
    browserslist-config-single-spa "^1.0.1"
