# THIS IS AN AUTOGENERATED FILE. DO NOT EDIT THIS FILE DIRECTLY.
# yarn lockfile v1


pdfjs-dist@2.6.347:
  version "2.6.347"
  resolved "https://registry.yarnpkg.com/pdfjs-dist/-/pdfjs-dist-2.6.347.tgz#f257ed66e83be900cd0fd28524a2187fb9e25cd5"
  integrity sha512-QC+h7hG2su9v/nU1wEI3SnpPIrqJODL7GTDFvR74ANKGq1AFJW16PH8VWnhpiTi9YcLSFV9xLeWSgq+ckHLdVQ==
