# THIS IS AN AUTOGENERATED FILE. DO NOT EDIT THIS FILE DIRECTLY.
# yarn lockfile v1


react-table@^7.7.0:
  version "7.7.0"
  resolved "https://registry.yarnpkg.com/react-table/-/react-table-7.7.0.tgz#e2ce14d7fe3a559f7444e9ecfe8231ea8373f912"
  integrity sha512-jBlj70iBwOTvvImsU9t01LjFjy4sXEtclBovl3mTiqjz23Reu0DKnRza4zlLtOPACx6j2/7MrQIthIK1Wi+LIA==
