# THIS IS AN AUTOGENERATED FILE. DO NOT EDIT THIS FILE DIRECTLY.
# yarn lockfile v1


"@types/chroma-js@^2.1.3":
  version "2.1.3"
  resolved "https://registry.yarnpkg.com/@types/chroma-js/-/chroma-js-2.1.3.tgz#0b03d737ff28fad10eb884e0c6cedd5ffdc4ba0a"
  integrity sha512-1xGPhoSGY1CPmXLCBcjVZSQinFjL26vlR8ZqprsBWiFyED4JacJJ9zHhh5aaUXqbY9B37mKQ73nlydVAXmr1+g==

"@types/color-convert@*":
  version "2.0.0"
  resolved "https://registry.yarnpkg.com/@types/color-convert/-/color-convert-2.0.0.tgz#8f5ee6b9e863dcbee5703f5a517ffb13d3ea4e22"
  integrity sha512-m7GG7IKKGuJUXvkZ1qqG3ChccdIM/qBBo913z+Xft0nKCX4hAU/IxKwZBU4cpRZ7GS5kV4vOblUkILtSShCPXQ==
  dependencies:
    "@types/color-name" "*"

"@types/color-name@*":
  version "1.1.1"
  resolved "https://registry.yarnpkg.com/@types/color-name/-/color-name-1.1.1.tgz#1c1261bbeaa10a8055bbc5d8ab84b7b2afc846a0"
  integrity sha512-rr+OQyAjxze7GgWrSaJwydHStIhHq2lvY3BOC2Mj7KnzI7XK0Uw1TOOdI9lDoajEbSWLiYgoo4f1R51erQfhPQ==

"@types/color@^3.0.2":
  version "3.0.2"
  resolved "https://registry.yarnpkg.com/@types/color/-/color-3.0.2.tgz#3779043e782f562aa9157b5fc6bd07e14fd8e7f3"
  integrity sha512-INiJl6sfNn8iyC5paxVzqiVUEj2boIlFki02uRTAkKwAj++7aAF+ZfEv/XrIeBa0XI/fTZuDHW8rEEcEVnON+Q==
  dependencies:
    "@types/color-convert" "*"

"@types/sortablejs@^1.15.0":
  version "1.15.0"
  resolved "https://registry.yarnpkg.com/@types/sortablejs/-/sortablejs-1.15.0.tgz#695e481752e2a0a311c5e73b51d5f666fc202f93"
  integrity sha512-qrhtM7M41EhH4tZQTNw2/RJkxllBx3reiJpTbgWCM2Dx0U1sZ6LwKp9lfNln9uqE26ZMKUaPEYaD4rzvOWYtZw==

chroma-js@^2.4.2:
  version "2.4.2"
  resolved "https://registry.yarnpkg.com/chroma-js/-/chroma-js-2.4.2.tgz#dffc214ed0c11fa8eefca2c36651d8e57cbfb2b0"
  integrity sha512-U9eDw6+wt7V8z5NncY2jJfZa+hUH8XEj8FQHgFJTrUFnJfXYf4Ml4adI2vXZOjqRDpFWtYVWypDfZwnJ+HIR4A==

classnames@2.3.1:
  version "2.3.1"
  resolved "https://registry.yarnpkg.com/classnames/-/classnames-2.3.1.tgz#dfcfa3891e306ec1dad105d0e88f4417b8535e8e"
  integrity sha512-OlQdbZ7gLfGarSqxesMesDa5uz7KFbID8Kpq/SxIoNGDqY8lSYs0D+hhtBXhcdB3rcbXArFr7vlHheLk1voeNA==

pdfjs-dist@2.6.347:
  version "2.6.347"
  resolved "https://registry.yarnpkg.com/pdfjs-dist/-/pdfjs-dist-2.6.347.tgz#f257ed66e83be900cd0fd28524a2187fb9e25cd5"
  integrity sha512-QC+h7hG2su9v/nU1wEI3SnpPIrqJODL7GTDFvR74ANKGq1AFJW16PH8VWnhpiTi9YcLSFV9xLeWSgq+ckHLdVQ==

react-sortablejs@^6.1.4:
  version "6.1.4"
  resolved "https://registry.yarnpkg.com/react-sortablejs/-/react-sortablejs-6.1.4.tgz#420ebfab602bbd935035dec24a04c8b3b836dbbf"
  integrity sha512-fc7cBosfhnbh53Mbm6a45W+F735jwZ1UFIYSrIqcO/gRIFoDyZeMtgKlpV4DdyQfbCzdh5LoALLTDRxhMpTyXQ==
  dependencies:
    classnames "2.3.1"
    tiny-invariant "1.2.0"

sortablejs@^1.15.0:
  version "1.15.0"
  resolved "https://registry.yarnpkg.com/sortablejs/-/sortablejs-1.15.0.tgz#53230b8aa3502bb77a29e2005808ffdb4a5f7e2a"
  integrity sha512-bv9qgVMjUMf89wAvM6AxVvS/4MX3sPeN0+agqShejLU5z5GX4C75ow1O2e5k4L6XItUyAK3gH6AxSbXrOM5e8w==

tiny-invariant@1.2.0:
  version "1.2.0"
  resolved "https://registry.yarnpkg.com/tiny-invariant/-/tiny-invariant-1.2.0.tgz#a1141f86b672a9148c72e978a19a73b9b94a15a9"
  integrity sha512-1Uhn/aqw5C6RI4KejVeTg6mIS7IqxnLJ8Mv2tV5rTc0qWobay7pDUz6Wi392Cnc8ak1H0F2cjoRzb2/AW4+Fvg==
